
Microsoft Visual Studio Solution File, Format Version 12.00
# Visual Studio Version 16
VisualStudioVersion = 16.0.30907.101
MinimumVisualStudioVersion = 10.0.40219.1
Project("{FAE04EC0-301F-11D3-BF4B-00C04F79EFBC}") = "ConsoleDogAge", "ConsoleApp1\ConsoleDogAge.csproj", "{692C0382-6303-4529-A61B-2F81FA6BABDF}"
EndProject
Global
	GlobalSection(SolutionConfigurationPlatforms) = preSolution
		Debug|Any CPU = Debug|Any CPU
		Release|Any CPU = Release|Any CPU
	EndGlobalSection
	GlobalSection(ProjectConfigurationPlatforms) = postSolution
		{692C0382-6303-4529-A61B-2F81FA6BABDF}.Debug|Any CPU.ActiveCfg = Debug|Any CPU
		{692C0382-6303-4529-A61B-2F81FA6BABDF}.Debug|Any CPU.Build.0 = Debug|Any CPU
		{692C0382-6303-4529-A61B-2F81FA6BABDF}.Release|Any CPU.ActiveCfg = Release|Any CPU
		{692C0382-6303-4529-A61B-2F81FA6BABDF}.Release|Any CPU.Build.0 = Release|Any CPU
	EndGlobalSection
	GlobalSection(SolutionProperties) = preSolution
		HideSolutionNode = FALSE
	EndGlobalSection
	GlobalSection(ExtensibilityGlobals) = postSolution
		SolutionGuid = {8BA96766-40C8-4F37-B824-1F0D59BB078E}
	EndGlobalSection
EndGlobal
